{
    "_meta": {
        "hash": {
            "sha256": "c4675ff97a19e6f80ce615fcca6c519bb2c1e42bb6544c6132edf023d627e888"
        },
        "pipfile-spec": 6,
        "requires": {
            "python_version": "3.12"
        },
        "sources": [
            {
                "name": "pypi",
                "url": "https://pypi.org/simple",
                "verify_ssl": true
            }
        ]
    },
    "default": {
        "hypothesis": {
            "hashes": [
                "sha256:07c102031612b98d7c1be15ca3608c43e1234d9d07e3a190a53fa01536700196",
                "sha256:2753f469df3ba3c483b08e0c37dbcbc41d8316ebb921abcc07493ee9c8a7d187"
            ],
            "index": "pypi",
            "markers": "python_version >= '3.10'",
            "version": "==6.155.1"
        },
        "pyarmor": {
            "hashes": [
                "sha256:6f2253282d9e502e583d18413c8fb666f6c5b94e5da939a7a13cd834b639ed96",
                "sha256:bad7d878396c654a9e9fb0103ede00784b9bafdf9df893152f4b29bfce7c564c",
                "sha256:bae45b0ca633c0dcc46a95138c1789441e4bb313c9c0c914e8ee2f15fa2f2ff3"
            ],
            "index": "pypi",
            "version": "==9.2.5"
        },
        "pyarmor.cli.core": {
            "hashes": [
                "sha256:00cc0266c245d946bdaf2e0f85047a5a4813bee2f26971d45faa833e2bf67500",
                "sha256:00cccda40da819c45550625c910f836b9c768699ea40b04c058c3221270b514b",
                "sha256:05d9c9c54636b09fcbb37a95c97ccb1df9718f0cad88e03eb72f12bf18922092",
                "sha256:06de0a47cb8ae86fe9270f3930d8e245fff73f87bd3c49cdc2af47c8ce1a5b06",
                "sha256:06eb9771c7d1f0ad7c00884f13ea42edfbffab8b28ef718ce197c0b4c69d97d5",
                "sha256:07584b1251aadc9540d47747bed0193131411399501a9d42ae74c7555dfb6a9e",
                "sha256:0817f5493745b0521f437ad26713bdf892a102e86f2e482b73f73fdd1432c605",
                "sha256:0838f354a4c299bf6204a5be510b193c37aa4b4bd2ed2ebd23046b0b75a345db",
                "sha256:08bb1e1071cb4356ce85ef8e7089cf85853cd3204dfb146a00f9401bca80a3a1",
                "sha256:09df045973b5de85ecb950f3fffc23686caa5b43749d4d966ccd150719639e2b",
                "sha256:0c10ad18ca2cb285b4b6c2bfdba6bc0234e84272f52bf692dce25ae7c6a21d56",
                "sha256:0cc8d7c337663eb9d108649ba296973284ff8b6fc0f83ae0ce347697533a983d",
                "sha256:0ff3494acdacbec1565a1d98065ab2a2b47683778ad02b89b643008a1ffe90bd",
                "sha256:119a0be4d75fc6c4f1c36a7beeee74a55819a86f4cedf3f0cab7afaf7f509d3a",
                "sha256:1675d2c7e157dbeb096fab72d8c06c5fda0ff68e468a28d3d9624aaaf90ff237",
                "sha256:1777c7c2c7130a34b7c7125ddd828569e3f938fc91efc0db99fb0ee1eba88aa4",
                "sha256:183555f51b42d3be95b7fa248800ddfec6bcdc7ea843cfb4982be2671df8c39f",
                "sha256:18a7f8aa4054395be9fe5b051727f2c32bdce74d609ef75cb869a9fd0396da90",
                "sha256:20162349d62ec09d22299c9bedfe0b13e22c2d27757cb53c523eb950adcd7140",
                "sha256:245e837ab2543ce7e2eaa39a80c3ef093ff97a51ced18ddb9052512859f8db72",
                "sha256:248bfb04d86f38851bdc13652d5e447e0415128c0cdfbb04498802e624a88475",
                "sha256:27c6e269131da709bcf1aac04ed8285eaa8a328f7682e98c4e93a81f97e2e4db",
                "sha256:27d776ab86890c84381b3eed7c5906550f929d11d3ed63b4d981e0b4670a7f94",
                "sha256:2a66cfed9f7dd72043389ed9b933ae57ffb00d28a8195f4d6aa446a8eda0a787",
                "sha256:2d3f90b32d6b83c3bf73ff0f3d23f0045fc94671d6f467c9d50c641cea39795c",
                "sha256:2d905427cd23226f86998a28f6c79c849136dfb85e569e32b208ad7d75b24853",
                "sha256:2e7b259c4dda700360030cf212b2cca625aaf9e7498dc9bfcbee9ef85acfec9b",
                "sha256:2f42447c95f0de7df586a5899b395dcbf3193b5288a290f77dde90d4459700a6",
                "sha256:3122cb3b9049d8f71bc459abdd7baa3a588d49a7cb2d20aaaf9d01e8b16ea84b",
                "sha256:3562142724c8cd48a6b161b35a7b4ebfc30820f08ca0adc28f8729077531c3f4",
                "sha256:3c430c33fde5f36305c6e90356d7136da532166b20b9ad69bb5aefdbaea2e9cc",
                "sha256:3c6c748f98231dcdb75bcce9cf6b8fe86d61674c4a44ba49c12c4a8c478348cf",
                "sha256:3dab4883b1ce7fcfa4212b94b7f5a538cc45a8a06742235caaf1b01f93b2b925",
                "sha256:3dd40308a8bd0ccd8a4e7c162fd8093de6a6e1fefb5ded2825c339e58f15a996",
                "sha256:488be5b88a0c434fb17457972f6b7f681b38650ce078c3f19dced5b15091146d",
                "sha256:4a6e09545fe74dc304992a0b002cc8d426c16ac3670d6f602d51838f080a2f31",
                "sha256:4bfbfe564881bd467b2103b47b4fdfe883746e39651545280f4c815d409e45f7",
                "sha256:4de138aacd465e0a0d4601b290d0555d47657f59b86d5eeec1bc660fd01e149a",
                "sha256:4fdd33615b75302fd48a0851a3f7ace1f4a4f515cb09edce5fd0d5d4e3919bf1",
                "sha256:5172681e95bfbf4eb250d53e1ede75b270e7ec7c29a4accfb0acf766bc7b6351",
                "sha256:5396c158a32cc6e2dc9ae317d819bb7c28ac83d832014e2db3e062679380ce35",
                "sha256:5625035d8026ad905701f8c9c56140357776112cdd533ac614d3427c3084fbe8",
                "sha256:5b5fd2301e628873be9f3ec32788d52e32625c414bc8fb5f4e93136e64a3f58d",
                "sha256:5d7a3b90c559a29596db18d7f99342da1ba4634d526e08cbbe4743d4c77e3679",
                "sha256:6129c315fac01be1ceae09231816a42396d00928a96f537faf1ba3435263ee67",
                "sha256:6187ca1d4b2260332f74e5e60a4c9b0fc178dee9e69155c5cbb4befe3babccec",
                "sha256:635144791ddcf3a7bbd31ac10181828d40636e4b6a477ffefa0c6f4073524604",
                "sha256:6575a73f3928782e3394bd4d74942fa60f926a3f78bcca5bb920b33e49647910",
                "sha256:689356f95fec04a53f91a624b0d1f4bfc8547e2ddede6799fb1c728377a51e19",
                "sha256:68d1e9bc7bc811a318965483dc079ce7da670799fc5ddb8ad1d3727216c437e3",
                "sha256:6d22b879c1a2fa5a81de4de504e244c808e49e7911f95aed6d3329e38f8326ec",
                "sha256:6d41880b098558f3905a18ffa3c9498e95ec71d93ddb3bc2f23701947e174862",
                "sha256:75328d808fb790546272ba92440c8ae9e80f3c84cce3f423fefb00a9af230af0",
                "sha256:790f0957124d44d1527edf7a677ffc006cddc827998e4c7981f3b20fd3db14a9",
                "sha256:7a71b3b4ab8d07259b82c9fdad18e099d86b0880bce352949b834db825cbd697",
                "sha256:7ae1c265c6560e869d355373fd86c2880a951db6bbf2bbdffec698d47c269be9",
                "sha256:812201887aa2fb90f8b865a5dd443aa841cb951bd25d14dad843ce11b3ceef57",
                "sha256:84a8ad19400f52e75451c35a04e41d8034bbfdf8743a306346a800a995a5f470",
                "sha256:852fd36f9854dacafa20f26a375adf0b94160cbff68d6a3b6970f5a79e7d3629",
                "sha256:869ff6e51b8dd951620a22b5174d1d0795628f02c76df566d6790e7fbd68b6c9",
                "sha256:86a576252f26752cfed5a1f0d6a12352f7ca8f38aadfd7e1df44453d933bf70c",
                "sha256:883c0ed2dfa19dab5a0c5edc8d8b4ad3b820491b1b4bbc4eaf5d4218a09caff5",
                "sha256:88e129603512326ce1440e3aa105506304424ee40366cc19f0a72a9aeeabecf7",
                "sha256:8b397fcd7febfcf692daa5641ee175377840304cbc0456929c84bf0eeefc634e",
                "sha256:8b481c807197f3cd2a15857adf2937cec5ae5a178c6008225b9ff94b83ff5ccb",
                "sha256:8dcd779236cb32cae03f2c71c469fbb945e45c6ef04e38a7ad39e412fe7a8df0",
                "sha256:8fba7ea6f2884ef78df89018bc7ca67fd3aba989dc4d3e6d88fc5e069a88ef9b",
                "sha256:943d584627fb48975b567f442a3ac1b71473582eec17606dd18240921d52b263",
                "sha256:999a25c17a09af3e9481a9b2bc3f011526ef3333077cfa703a8014f899d528eb",
                "sha256:9b65a62a71a88fb7534002067b972aac2f363e871ad34563579550fec1a260cb",
                "sha256:9e50864097734b039060074b4913ffca73069162ff3c32556f3b594888129661",
                "sha256:a0f087fe8c388d178859dbc2a14e11e12bf8efc694f035e41d1dfc5b4a630052",
                "sha256:a15fc2e4af49ffca703391a7adf29f39c8975f09afafd2461ad808dc2aeaf215",
                "sha256:a2c0d67975d669a7045c809299a6dcdab305541948c24955fad737f5349bf26f",
                "sha256:a2dd5be9b02b3b4cdc300423bdb38453e34bef7c5397d36981c35280d0ea13bd",
                "sha256:a31b7ec9a79c2286898830365d7cc7e275af4e3cc7f99e1717e622c797165fbe",
                "sha256:a5dc6923cc379a797d3265161cddc4db713577bdb3cfbb0f3663812cd945e4b6",
                "sha256:a6ebbcbde0d650ef5f11e8c614dabde12636c7277c22ea9176f03aa8733c2cdb",
                "sha256:a7dee28cefefc8e2c183e8b56a12d4029b9517f4f860ec17bed3cca5f495be62",
                "sha256:a83d4d571012bffe2196a1b65f56abf04ee57dd09aa8d063ced99b0cbc21c341",
                "sha256:add3f37e0fe78ca4678788c4c4042761aa9db7948a4395ccf9db9091fc7e07c6",
                "sha256:b487b9e93a5e63f3e1ff7da2af6ef0db79aa4a92234613d8e7c93ca8239f525a",
                "sha256:b645d69c88f55a08d34fdd547759079ac1722e246d8e994ce3eb07937bdf318b",
                "sha256:b685e5cdd68660dc6fbcf1502b79a93ccd7969a5d411837d3dc4fa8f266df81a",
                "sha256:b98390156ab4226d77dcc4e7b6ea79ce82ffd553aaf12b402b965468d0c30a4e",
                "sha256:bbe9429f19c4d6e70cec183cc78abb2f7ed483789fc17af6059871149d722e62",
                "sha256:bc51089e37602a4e4c75b990448c44e25d7b1c7048805ad789863c889e80793f",
                "sha256:be3911a12c318b4cd93f7ffb492f3a8517c7e7c13b48dc53ea12988ef106ebb9",
                "sha256:bf023d2f6c0cf69013eb80da97da87e8a67c0b2dd1e6d3375f02e0f195b3524f",
                "sha256:c1b96471bb1d9fc575ba526841829c6bf03cd9db5caabf5688518a29ed389870",
                "sha256:c1d16c0069fec6daba35e384228e7d493ff7a83bd402bf3465527e2b8a1c1ad0",
                "sha256:ccf8db789066281475faedd5b06253b28bed3316a1bce5716e84166604b3ca10",
                "sha256:d1c4e623dbb8bd93fc4273a7ca79d192618ca36cf74aceaeca9d36c83608ed77",
                "sha256:d4eedb4151c13c8fa55a0c2050a1f06513a8099c78983a99f5176b962892bf85",
                "sha256:d8f6d9d916cb83a1ac3256576158528d5bfb02404f324713ffe942d743a759d6",
                "sha256:db8b83e5d656ce2310a252ecb009f84ebeaf8c60be6a9b5fb6a7e08ac3dc0064",
                "sha256:df035854a6603d4861a50156484027a03c01a7b9385b5365cabea4871ac72e3e",
                "sha256:e0210f89acae597c574a5a58290b20feb94952dc6c002f8e280cc1b372db0189",
                "sha256:e0e0965e8a1d779485f747b93d6f4c7a20395553851921b0fd22ea89fb09287e",
                "sha256:e2b656a703146507d5d800c4d952a656c9f4d68a4dd96a0c39eca28b63642914",
                "sha256:e5ce2e9442ff1a046cdd4a5c54c3df23640f37981877789420bf46d80943430c",
                "sha256:e95cfbaafee2eec3a3ef918c80f6ff6d6e26535c0b9f5ea615a97cf419a45603",
                "sha256:eb3a63691a67aca10e2af7937baf0c88effc459c78c3c4ef1c48cf562376b830",
                "sha256:ec304457ff31b4939c8527640d7f525e78e9c91cc8307a11f068ef1291710b40",
                "sha256:ef4cd7ecf1aeca5748d221e548a6203f58ede46e3b1f31cc1fbba5170f1dc5c5",
                "sha256:f1fe8ec72cd1a1aeffcb39b6323f2ae3e5a2ba45d02bc67ef938e46bc7e207bc",
                "sha256:f2a1777205bcc3737594e9fa111552ccd7877efc29ab2e2b13e4769f7eba3aff",
                "sha256:fa41bb83dd13fdac97f11703afabe241253906ed233c39d5f2248a64a17a5efc",
                "sha256:fe0c6782b4b0b26aa1bdc68e8f4cf772198c2ea548d4568d2334fcc30fa7f34b",
                "sha256:fedd378a0131d6df79e74e2cde4d039c7f19c14627301a7cba5a12ed200d55ab"
            ],
            "version": "==8.1.1"
        },
        "sortedcontainers": {
            "hashes": [
                "sha256:25caa5a06cc30b6b83d11423433f65d1f9d76c4c6a0c90e3379eaa43b9bfdb88",
                "sha256:a163dcaede0f1c021485e957a39245190e74249897e2ae4b2aa38595db237ee0"
            ],
            "version": "==2.4.0"
        }
    },
    "develop": {}
}
