{
    "_meta": {
        "hash": {
            "sha256": "3f57469d5292c3eb0f6878e7832580f48c69b97be9f8b261afa41d0ddee2295a"
        },
        "pipfile-spec": 6,
        "requires": {
            "python_version": "3.12"
        },
        "sources": [
            {
                "name": "pypi",
                "url": "https://pypi.org/simple",
                "verify_ssl": true
            }
        ]
    },
    "default": {
        "hypothesis": {
            "hashes": [
                "sha256:07c102031612b98d7c1be15ca3608c43e1234d9d07e3a190a53fa01536700196",
                "sha256:2753f469df3ba3c483b08e0c37dbcbc41d8316ebb921abcc07493ee9c8a7d187"
            ],
            "index": "pypi",
            "markers": "python_version >= '3.10'",
            "version": "==6.155.1"
        },
        "sortedcontainers": {
            "hashes": [
                "sha256:25caa5a06cc30b6b83d11423433f65d1f9d76c4c6a0c90e3379eaa43b9bfdb88",
                "sha256:a163dcaede0f1c021485e957a39245190e74249897e2ae4b2aa38595db237ee0"
            ],
            "version": "==2.4.0"
        }
    },
    "develop": {}
}
